{
  "nodes": {
    "agda": {
      "flake": false,
      "locked": {
        "lastModified": 1726161230,
        "narHash": "sha256-IupM/HJk1vpHTRWOakYDDliKn+RLzPjNzGlLTlF0CbY=",
        "owner": "agda",
        "repo": "agda",
        "rev": "a6fc20c27ae953149b53a8997ba4a1c8b17d628a",
        "type": "github"
      },
      "original": {
        "owner": "agda",
        "ref": "v2.7.0.1",
        "repo": "agda",
        "type": "github"
      }
    },
    "nixpkgs": {
      "locked": {
        "lastModified": 1736408508,
        "narHash": "sha256-WIGZ3DPw5H+SPszUXVacK+KTh3sJZShP1vGtDwhquNM=",
        "owner": "NixOS",
        "repo": "nixpkgs",
        "rev": "530de2c83360057c1650fb8a37ef48cb9ad8f6a6",
        "type": "github"
      },
      "original": {
        "owner": "NixOS",
        "ref": "release-24.11",
        "repo": "nixpkgs",
        "type": "github"
      }
    },
    "root": {
      "inputs": {
        "agda": "agda",
        "nixpkgs": "nixpkgs",
        "std-lib": "std-lib",
        "utils": "utils"
      }
    },
    "std-lib": {
      "flake": false,
      "locked": {
        "lastModified": 1725330014,
        "narHash": "sha256-4HfwNAkIhk1yC/oSxZ30xilzUM5/22nzbUSqTjcW5Ng=",
        "owner": "agda",
        "repo": "agda-stdlib",
        "rev": "039e1f4abda49f307f7ed1f5e15232a1c8e9c48c",
        "type": "github"
      },
      "original": {
        "owner": "agda",
        "ref": "v2.1.1",
        "repo": "agda-stdlib",
        "type": "github"
      }
    },
    "systems": {
      "locked": {
        "lastModified": 1681028828,
        "narHash": "sha256-Vy1rq5AaRuLzOxct8nz4T6wlgyUR7zLU309k9mBC768=",
        "owner": "nix-systems",
        "repo": "default",
        "rev": "da67096a3b9bf56a91d16901293e51ba5b49a27e",
        "type": "github"
      },
      "original": {
        "owner": "nix-systems",
        "repo": "default",
        "type": "github"
      }
    },
    "utils": {
      "inputs": {
        "systems": "systems"
      },
      "locked": {
        "lastModified": 1731533236,
        "narHash": "sha256-l0KFg5HjrsfsO/JpG+r7fRrqm12kzFHyUHqHCVpMMbI=",
        "owner": "numtide",
        "repo": "flake-utils",
        "rev": "11707dc2f618dd54ca8739b309ec4fc024de578b",
        "type": "github"
      },
      "original": {
        "owner": "numtide",
        "repo": "flake-utils",
        "type": "github"
      }
    }
  },
  "root": "root",
  "version": 7
}
