{
  "nodes": {
    "agda": {
      "flake": false,
      "locked": {
        "lastModified": 1726161230,
        "narHash": "sha256-IupM/HJk1vpHTRWOakYDDliKn+RLzPjNzGlLTlF0CbY=",
        "owner": "agda",
        "repo": "agda",
        "rev": "a6fc20c27ae953149b53a8997ba4a1c8b17d628a",
        "type": "github"
      },
      "original": {
        "owner": "agda",
        "ref": "v2.7.0.1",
        "repo": "agda",
        "type": "github"
      }
    },
    "nixpkgs": {
      "locked": {
        "lastModified": 1717179513,
        "narHash": "sha256-vboIEwIQojofItm2xGCdZCzW96U85l9nDW3ifMuAIdM=",
        "owner": "NixOS",
        "repo": "nixpkgs",
        "rev": "63dacb46bf939521bdc93981b4cbb7ecb58427a0",
        "type": "github"
      },
      "original": {
        "owner": "NixOS",
        "ref": "24.05",
        "repo": "nixpkgs",
        "type": "github"
      }
    },
    "root": {
      "inputs": {
        "agda": "agda",
        "nixpkgs": "nixpkgs",
        "std-lib": "std-lib",
        "utils": "utils"
      }
    },
    "std-lib": {
      "flake": false,
      "locked": {
        "lastModified": 1720601032,
        "narHash": "sha256-7i98epTFZ757ciBOcnV9/uNh9VEaXmdUGcKyidmiy8E=",
        "owner": "agda",
        "repo": "agda-stdlib",
        "rev": "96d44779bdd34e61624c2fe5ae161df223748238",
        "type": "github"
      },
      "original": {
        "owner": "agda",
        "ref": "experimental",
        "repo": "agda-stdlib",
        "type": "github"
      }
    },
    "systems": {
      "locked": {
        "lastModified": 1681028828,
        "narHash": "sha256-Vy1rq5AaRuLzOxct8nz4T6wlgyUR7zLU309k9mBC768=",
        "owner": "nix-systems",
        "repo": "default",
        "rev": "da67096a3b9bf56a91d16901293e51ba5b49a27e",
        "type": "github"
      },
      "original": {
        "owner": "nix-systems",
        "repo": "default",
        "type": "github"
      }
    },
    "utils": {
      "inputs": {
        "systems": "systems"
      },
      "locked": {
        "lastModified": 1710146030,
        "narHash": "sha256-SZ5L6eA7HJ/nmkzGG7/ISclqe6oZdOZTNoesiInkXPQ=",
        "owner": "numtide",
        "repo": "flake-utils",
        "rev": "b1d9ab70662946ef0850d488da1c9019f3a9752a",
        "type": "github"
      },
      "original": {
        "owner": "numtide",
        "repo": "flake-utils",
        "type": "github"
      }
    }
  },
  "root": "root",
  "version": 7
}
